
Microsoft Visual Studio Solution File, Format Version 12.00
# Visual Studio Version 17
VisualStudioVersion = 17.0.31903.59
MinimumVisualStudioVersion = 10.0.40219.1
Project("{2150E333-8FDC-42A3-9474-1A3956D46DE8}") = "src", "src", "{827E0CD3-B72D-47B6-A68D-7590B98EB39B}"
EndProject
Project("{2150E333-8FDC-42A3-9474-1A3956D46DE8}") = "Platforms", "Platforms", "{82099983-647E-F067-E69A-CD800643A918}"
EndProject
Project("{FAE04EC0-301F-11D3-BF4B-00C04F79EFBC}") = "Commodore64.Test", "src\Platforms\Commodore64.Test\Commodore64.Test.csproj", "{6BADF2C7-AA42-4943-B930-65A96B799CB1}"
EndProject
Project("{FAE04EC0-301F-11D3-BF4B-00C04F79EFBC}") = "Abstraction", "src\Abstraction\Abstraction.csproj", "{72AC447B-921B-461D-9906-5AC4DBBCF182}"
EndProject
Project("{FAE04EC0-301F-11D3-BF4B-00C04F79EFBC}") = "Commodore64", "src\Platforms\Commodore64\Commodore64.csproj", "{1368E548-BC96-40FE-9EE6-7CA3A222D5E9}"
EndProject
Global
	GlobalSection(SolutionConfigurationPlatforms) = preSolution
		Debug|Any CPU = Debug|Any CPU
		Debug|x64 = Debug|x64
		Debug|x86 = Debug|x86
		Release|Any CPU = Release|Any CPU
		Release|x64 = Release|x64
		Release|x86 = Release|x86
	EndGlobalSection
	GlobalSection(ProjectConfigurationPlatforms) = postSolution
		{6BADF2C7-AA42-4943-B930-65A96B799CB1}.Debug|Any CPU.ActiveCfg = Debug|Any CPU
		{6BADF2C7-AA42-4943-B930-65A96B799CB1}.Debug|Any CPU.Build.0 = Debug|Any CPU
		{6BADF2C7-AA42-4943-B930-65A96B799CB1}.Debug|x64.ActiveCfg = Debug|Any CPU
		{6BADF2C7-AA42-4943-B930-65A96B799CB1}.Debug|x64.Build.0 = Debug|Any CPU
		{6BADF2C7-AA42-4943-B930-65A96B799CB1}.Debug|x86.ActiveCfg = Debug|Any CPU
		{6BADF2C7-AA42-4943-B930-65A96B799CB1}.Debug|x86.Build.0 = Debug|Any CPU
		{6BADF2C7-AA42-4943-B930-65A96B799CB1}.Release|Any CPU.ActiveCfg = Release|Any CPU
		{6BADF2C7-AA42-4943-B930-65A96B799CB1}.Release|Any CPU.Build.0 = Release|Any CPU
		{6BADF2C7-AA42-4943-B930-65A96B799CB1}.Release|x64.ActiveCfg = Release|Any CPU
		{6BADF2C7-AA42-4943-B930-65A96B799CB1}.Release|x64.Build.0 = Release|Any CPU
		{6BADF2C7-AA42-4943-B930-65A96B799CB1}.Release|x86.ActiveCfg = Release|Any CPU
		{6BADF2C7-AA42-4943-B930-65A96B799CB1}.Release|x86.Build.0 = Release|Any CPU
		{72AC447B-921B-461D-9906-5AC4DBBCF182}.Debug|Any CPU.ActiveCfg = Debug|Any CPU
		{72AC447B-921B-461D-9906-5AC4DBBCF182}.Debug|Any CPU.Build.0 = Debug|Any CPU
		{72AC447B-921B-461D-9906-5AC4DBBCF182}.Debug|x64.ActiveCfg = Debug|Any CPU
		{72AC447B-921B-461D-9906-5AC4DBBCF182}.Debug|x64.Build.0 = Debug|Any CPU
		{72AC447B-921B-461D-9906-5AC4DBBCF182}.Debug|x86.ActiveCfg = Debug|Any CPU
		{72AC447B-921B-461D-9906-5AC4DBBCF182}.Debug|x86.Build.0 = Debug|Any CPU
		{72AC447B-921B-461D-9906-5AC4DBBCF182}.Release|Any CPU.ActiveCfg = Release|Any CPU
		{72AC447B-921B-461D-9906-5AC4DBBCF182}.Release|Any CPU.Build.0 = Release|Any CPU
		{72AC447B-921B-461D-9906-5AC4DBBCF182}.Release|x64.ActiveCfg = Release|Any CPU
		{72AC447B-921B-461D-9906-5AC4DBBCF182}.Release|x64.Build.0 = Release|Any CPU
		{72AC447B-921B-461D-9906-5AC4DBBCF182}.Release|x86.ActiveCfg = Release|Any CPU
		{72AC447B-921B-461D-9906-5AC4DBBCF182}.Release|x86.Build.0 = Release|Any CPU
		{1368E548-BC96-40FE-9EE6-7CA3A222D5E9}.Debug|Any CPU.ActiveCfg = Debug|Any CPU
		{1368E548-BC96-40FE-9EE6-7CA3A222D5E9}.Debug|Any CPU.Build.0 = Debug|Any CPU
		{1368E548-BC96-40FE-9EE6-7CA3A222D5E9}.Debug|x64.ActiveCfg = Debug|Any CPU
		{1368E548-BC96-40FE-9EE6-7CA3A222D5E9}.Debug|x64.Build.0 = Debug|Any CPU
		{1368E548-BC96-40FE-9EE6-7CA3A222D5E9}.Debug|x86.ActiveCfg = Debug|Any CPU
		{1368E548-BC96-40FE-9EE6-7CA3A222D5E9}.Debug|x86.Build.0 = Debug|Any CPU
		{1368E548-BC96-40FE-9EE6-7CA3A222D5E9}.Release|Any CPU.ActiveCfg = Release|Any CPU
		{1368E548-BC96-40FE-9EE6-7CA3A222D5E9}.Release|Any CPU.Build.0 = Release|Any CPU
		{1368E548-BC96-40FE-9EE6-7CA3A222D5E9}.Release|x64.ActiveCfg = Release|Any CPU
		{1368E548-BC96-40FE-9EE6-7CA3A222D5E9}.Release|x64.Build.0 = Release|Any CPU
		{1368E548-BC96-40FE-9EE6-7CA3A222D5E9}.Release|x86.ActiveCfg = Release|Any CPU
		{1368E548-BC96-40FE-9EE6-7CA3A222D5E9}.Release|x86.Build.0 = Release|Any CPU
	EndGlobalSection
	GlobalSection(SolutionProperties) = preSolution
		HideSolutionNode = FALSE
	EndGlobalSection
	GlobalSection(NestedProjects) = preSolution
		{82099983-647E-F067-E69A-CD800643A918} = {827E0CD3-B72D-47B6-A68D-7590B98EB39B}
		{6BADF2C7-AA42-4943-B930-65A96B799CB1} = {82099983-647E-F067-E69A-CD800643A918}
		{72AC447B-921B-461D-9906-5AC4DBBCF182} = {827E0CD3-B72D-47B6-A68D-7590B98EB39B}
		{1368E548-BC96-40FE-9EE6-7CA3A222D5E9} = {82099983-647E-F067-E69A-CD800643A918}
	EndGlobalSection
EndGlobal
